
Microsoft Visual Studio Solution File, Format Version 12.00
# Visual Studio Version 16
VisualStudioVersion = 16.0.34601.136
MinimumVisualStudioVersion = 10.0.40219.1
Project("{FAE04EC0-301F-11D3-BF4B-00C04F79EFBC}") = "lab02.manh", "lab02.manh\lab02.manh.csproj", "{023A7432-09A9-44A6-BD70-23BA7194A40E}"
EndProject
Global
	GlobalSection(SolutionConfigurationPlatforms) = preSolution
		Debug|Any CPU = Debug|Any CPU
		Release|Any CPU = Release|Any CPU
	EndGlobalSection
	GlobalSection(ProjectConfigurationPlatforms) = postSolution
		{023A7432-09A9-44A6-BD70-23BA7194A40E}.Debug|Any CPU.ActiveCfg = Debug|Any CPU
		{023A7432-09A9-44A6-BD70-23BA7194A40E}.Debug|Any CPU.Build.0 = Debug|Any CPU
		{023A7432-09A9-44A6-BD70-23BA7194A40E}.Release|Any CPU.ActiveCfg = Release|Any CPU
		{023A7432-09A9-44A6-BD70-23BA7194A40E}.Release|Any CPU.Build.0 = Release|Any CPU
	EndGlobalSection
	GlobalSection(SolutionProperties) = preSolution
		HideSolutionNode = FALSE
	EndGlobalSection
	GlobalSection(ExtensibilityGlobals) = postSolution
		SolutionGuid = {880518D8-7A3B-430F-AF7A-13FF62692942}
	EndGlobalSection
EndGlobal
